
Microsoft Visual Studio Solution File, Format Version 12.00
# Visual Studio 2012
Project("{FAE04EC0-301F-11D3-BF4B-00C04F79EFBC}") = "view", "view\view.csproj", "{88B19F06-087B-4E6F-BB59-7C4935CE2049}"
EndProject
Global
	GlobalSection(SolutionConfigurationPlatforms) = preSolution
		Debug|Any CPU = Debug|Any CPU
		Release|Any CPU = Release|Any CPU
	EndGlobalSection
	GlobalSection(ProjectConfigurationPlatforms) = postSolution
		{88B19F06-087B-4E6F-BB59-7C4935CE2049}.Debug|Any CPU.ActiveCfg = Debug|Any CPU
		{88B19F06-087B-4E6F-BB59-7C4935CE2049}.Debug|Any CPU.Build.0 = Debug|Any CPU
		{88B19F06-087B-4E6F-BB59-7C4935CE2049}.Release|Any CPU.ActiveCfg = Release|Any CPU
		{88B19F06-087B-4E6F-BB59-7C4935CE2049}.Release|Any CPU.Build.0 = Release|Any CPU
	EndGlobalSection
	GlobalSection(SolutionProperties) = preSolution
		HideSolutionNode = FALSE
	EndGlobalSection
EndGlobal
